
Microsoft Visual Studio Solution File, Format Version 12.00
# Visual Studio Version 16
VisualStudioVersion = 16.0.31005.135
MinimumVisualStudioVersion = 10.0.40219.1
Project("{F184B08F-C81C-45F6-A57F-5ABD9991F28F}") = "StudentManagement", "StudentManagement\StudentManagement.vbproj", "{D00391FA-8590-40FE-9703-78E8BB95691E}"
EndProject
Global
	GlobalSection(SolutionConfigurationPlatforms) = preSolution
		Debug|Any CPU = Debug|Any CPU
		Release|Any CPU = Release|Any CPU
	EndGlobalSection
	GlobalSection(ProjectConfigurationPlatforms) = postSolution
		{D00391FA-8590-40FE-9703-78E8BB95691E}.Debug|Any CPU.ActiveCfg = Debug|Any CPU
		{D00391FA-8590-40FE-9703-78E8BB95691E}.Debug|Any CPU.Build.0 = Debug|Any CPU
		{D00391FA-8590-40FE-9703-78E8BB95691E}.Release|Any CPU.ActiveCfg = Release|Any CPU
		{D00391FA-8590-40FE-9703-78E8BB95691E}.Release|Any CPU.Build.0 = Release|Any CPU
	EndGlobalSection
	GlobalSection(SolutionProperties) = preSolution
		HideSolutionNode = FALSE
	EndGlobalSection
	GlobalSection(ExtensibilityGlobals) = postSolution
		SolutionGuid = {133191B8-8091-463F-98CB-F8B8EEFA0851}
	EndGlobalSection
EndGlobal
